# this file is automatically generated; do not edit by hand.

[dep.mach-std]
url = "https://github.com/briar-systems/mach-std"
ref = "branch/main"
commit = "f6967775d79eb780207140596581abbf7bf78be3"

[dep.mach]
url = "https://github.com/briar-systems/mach"
ref = "branch/main"
commit = "7a17a7cd96de065acf3e442737a0aa967411f0fb"
