# this file is automatically generated; do not edit by hand.

[dep.mach-std]
url = "https://github.com/briar-systems/mach-std"
ref = "branch/main"
commit = "f6967775d79eb780207140596581abbf7bf78be3"

[dep.mach]
url = "https://github.com/briar-systems/mach"
ref = "branch/dev"
commit = "291c5975d95914779bb56b1f55ede1677ff2a992"
